{
  "nodes": {
    "nixpkgs": {
      "locked": {
        "lastModified": 1744724118,
        "narHash": "sha256-clhP8xZIve62Sg6HM8BkfWIYf/c5GAXcqHO1P3s2fwE=",
        "owner": "NixOS",
        "repo": "nixpkgs",
        "rev": "c0a79c0cde7a751fc489ca25209d6f7822ae16f6",
        "type": "github"
      },
      "original": {
        "owner": "NixOS",
        "repo": "nixpkgs",
        "type": "github"
      }
    },
    "root": {
      "inputs": {
        "nixpkgs": "nixpkgs"
      }
    }
  },
  "root": "root",
  "version": 7
}
